# This file was autogenerated by Stack.
# You should not edit this file by hand.
# For more information, please see the documentation at:
#   https://docs.haskellstack.org/en/stable/lock_files

packages:
- completed:
    hackage: lens-tutorial-1.0.3@sha256:fe74f2aefe993c354e8971b330f36b3663cc66128bac6002c9f9eddea2a11277,1199
    pantry-tree:
      size: 279
      sha256: bae4228f5f67380fd441487df6996ffec493fc5508d8f3bb5027a415f4cf84ab
  original:
    hackage: lens-tutorial-1.0.3
- completed:
    hackage: aeson-lens-0.5.0.0@sha256:7b557d74d1f35ce47905d5ab65d9c87bb59843e24177341995d2bb1ceeb177fb,994
    pantry-tree:
      size: 261
      sha256: 603ccba7d86c40cf2e02139d3d843a07c6782edc94b0368947a13f2757fe39da
  original:
    hackage: aeson-lens-0.5.0.0
- completed:
    hackage: twilio-0.2.0.1@sha256:7d05cd9d7f7b9909466508fd4947a25b539d1a7898960471fbb765cfffd70030,5892
    pantry-tree:
      size: 4592
      sha256: 57eefdb9e1435fd8c5bcde84de2d356bf8f5b6967477d6b6f388130126355b34
  original:
    hackage: twilio-0.2.0.1
- completed:
    hackage: servant-xml-1.0.1.2@sha256:8895895d5e73622b5ae70519defeaef9826ac09907b157b2b153f4b74e59e2e6,1202
    pantry-tree:
      size: 268
      sha256: 1292fda138c6c1b0175c3d6d51a9d08e567264025e4894bfac7d4cded51ae87c
  original:
    hackage: servant-xml-1.0.1.2
- completed:
    hackage: http-api-data-0.3.10@sha256:13e1ed2514ec7a857454f472604fc6bf9616d908d2de7202c2507e413029c907,3695
    pantry-tree:
      size: 945
      sha256: ced1fe4b910b92cf402ab26bd7f8fbbeec17907471052d73f8af83ce5c26bd00
  original:
    hackage: http-api-data-0.3.10
snapshots:
- completed:
    size: 503674
    url: https://raw.githubusercontent.com/commercialhaskell/stackage-snapshots/master/lts/12/10.yaml
    sha256: 3f6a3139a4fe86c154496156ba9bc45328debae508485f0e314609eb9cc7e467
  original: lts-12.10
